
Microsoft Visual Studio Solution File, Format Version 12.00
# Visual Studio Version 17
VisualStudioVersion = 17.11.35222.181
MinimumVisualStudioVersion = 10.0.40219.1
Project("{9A19103F-16F7-4668-BE54-9A1E7A4F7556}") = "zSkinCareBookingRepositories", "SP25_NET1718_RPR231_ASM1_SE173443_KhanhTD\zSkinCareBookingRepositories.csproj", "{9C229914-F330-41EF-8F3E-00998E72D309}"
EndProject
Project("{FAE04EC0-301F-11D3-BF4B-00C04F79EFBC}") = "zSkinCareBooking.ApiService", "zSkinCareBooking.ApiService\zSkinCareBooking.ApiService.csproj", "{48C93747-68AF-44CF-84D8-9EB0721BDA84}"
EndProject
Project("{FAE04EC0-301F-11D3-BF4B-00C04F79EFBC}") = "zSckinCareBookingService", "zSckinCareBookingService\zSckinCareBookingService.csproj", "{9474F1D0-AC15-4292-97DB-541E8FEE0CF7}"
EndProject
Global
	GlobalSection(SolutionConfigurationPlatforms) = preSolution
		Debug|Any CPU = Debug|Any CPU
		Release|Any CPU = Release|Any CPU
	EndGlobalSection
	GlobalSection(ProjectConfigurationPlatforms) = postSolution
		{9C229914-F330-41EF-8F3E-00998E72D309}.Debug|Any CPU.ActiveCfg = Debug|Any CPU
		{9C229914-F330-41EF-8F3E-00998E72D309}.Debug|Any CPU.Build.0 = Debug|Any CPU
		{9C229914-F330-41EF-8F3E-00998E72D309}.Release|Any CPU.ActiveCfg = Release|Any CPU
		{9C229914-F330-41EF-8F3E-00998E72D309}.Release|Any CPU.Build.0 = Release|Any CPU
		{48C93747-68AF-44CF-84D8-9EB0721BDA84}.Debug|Any CPU.ActiveCfg = Debug|Any CPU
		{48C93747-68AF-44CF-84D8-9EB0721BDA84}.Debug|Any CPU.Build.0 = Debug|Any CPU
		{48C93747-68AF-44CF-84D8-9EB0721BDA84}.Release|Any CPU.ActiveCfg = Release|Any CPU
		{48C93747-68AF-44CF-84D8-9EB0721BDA84}.Release|Any CPU.Build.0 = Release|Any CPU
		{9474F1D0-AC15-4292-97DB-541E8FEE0CF7}.Debug|Any CPU.ActiveCfg = Debug|Any CPU
		{9474F1D0-AC15-4292-97DB-541E8FEE0CF7}.Debug|Any CPU.Build.0 = Debug|Any CPU
		{9474F1D0-AC15-4292-97DB-541E8FEE0CF7}.Release|Any CPU.ActiveCfg = Release|Any CPU
		{9474F1D0-AC15-4292-97DB-541E8FEE0CF7}.Release|Any CPU.Build.0 = Release|Any CPU
	EndGlobalSection
	GlobalSection(SolutionProperties) = preSolution
		HideSolutionNode = FALSE
	EndGlobalSection
	GlobalSection(ExtensibilityGlobals) = postSolution
		SolutionGuid = {DCE47269-BC57-4D8B-BC34-B79CEAA356EC}
	EndGlobalSection
EndGlobal
